// !$*UTF8*$!
{
	archiveVersion = 1;
	classes = {
	};
	objectVersion = 46;
	objects = {

/* Begin PBXBuildFile section */
		F0361B8D1747C5C000583997 /* TabsViewController.m in Sources */ = {isa = PBXBuildFile; fileRef = F0361B8C1747C5C000583997 /* TabsViewController.m */; };
		F03A3E66174DFABF009BEDEF /* EventKit.framework in Frameworks */ = {isa = PBXBuildFile; fileRef = F03A3E65174DFABF009BEDEF /* EventKit.framework */; };
		F04D3CB01744D5CD0063E001 /* UIKit.framework in Frameworks */ = {isa = PBXBuildFile; fileRef = F04D3CAF1744D5CD0063E001 /* UIKit.framework */; };
		F04D3CB21744D5CD0063E001 /* Foundation.framework in Frameworks */ = {isa = PBXBuildFile; fileRef = F04D3CB11744D5CD0063E001 /* Foundation.framework */; };
		F04D3CB41744D5CD0063E001 /* CoreGraphics.framework in Frameworks */ = {isa = PBXBuildFile; fileRef = F04D3CB31744D5CD0063E001 /* CoreGraphics.framework */; };
		F04D3CBA1744D5CD0063E001 /* InfoPlist.strings in Resources */ = {isa = PBXBuildFile; fileRef = F04D3CB81744D5CD0063E001 /* InfoPlist.strings */; };
		F04D3CBC1744D5CD0063E001 /* main.m in Sources */ = {isa = PBXBuildFile; fileRef = F04D3CBB1744D5CD0063E001 /* main.m */; };
		F04D3CC01744D5CD0063E001 /* AppDelegate.m in Sources */ = {isa = PBXBuildFile; fileRef = F04D3CBF1744D5CD0063E001 /* AppDelegate.m */; };
		F04D3CC21744D5CD0063E001 /* Default.png in Resources */ = {isa = PBXBuildFile; fileRef = F04D3CC11744D5CD0063E001 /* Default.png */; };
		F04D3CC41744D5CD0063E001 /* Default@2x.png in Resources */ = {isa = PBXBuildFile; fileRef = F04D3CC31744D5CD0063E001 /* Default@2x.png */; };
		F04D3CC61744D5CD0063E001 /* Default-568h@2x.png in Resources */ = {isa = PBXBuildFile; fileRef = F04D3CC51744D5CD0063E001 /* Default-568h@2x.png */; };
		F04D3CC91744D5CD0063E001 /* MainStoryboard.storyboard in Resources */ = {isa = PBXBuildFile; fileRef = F04D3CC71744D5CD0063E001 /* MainStoryboard.storyboard */; };
		F04D3CCC1744D5CD0063E001 /* ViewController.m in Sources */ = {isa = PBXBuildFile; fileRef = F04D3CCB1744D5CD0063E001 /* ViewController.m */; };
/* End PBXBuildFile section */

/* Begin PBXFileReference section */
		F0361B8B1747C5C000583997 /* TabsViewController.h */ = {isa = PBXFileReference; fileEncoding = 4; lastKnownFileType = sourcecode.c.h; path = TabsViewController.h; sourceTree = "<group>"; };
		F0361B8C1747C5C000583997 /* TabsViewController.m */ = {isa = PBXFileReference; fileEncoding = 4; lastKnownFileType = sourcecode.c.objc; path = TabsViewController.m; sourceTree = "<group>"; };
		F03A3E65174DFABF009BEDEF /* EventKit.framework */ = {isa = PBXFileReference; lastKnownFileType = wrapper.framework; name = EventKit.framework; path = System/Library/Frameworks/EventKit.framework; sourceTree = SDKROOT; };
		F04D3CAC1744D5CD0063E001 /* iphone_ipad.app */ = {isa = PBXFileReference; explicitFileType = wrapper.application; includeInIndex = 0; path = iphone_ipad.app; sourceTree = BUILT_PRODUCTS_DIR; };
		F04D3CAF1744D5CD0063E001 /* UIKit.framework */ = {isa = PBXFileReference; lastKnownFileType = wrapper.framework; name = UIKit.framework; path = System/Library/Frameworks/UIKit.framework; sourceTree = SDKROOT; };
		F04D3CB11744D5CD0063E001 /* Foundation.framework */ = {isa = PBXFileReference; lastKnownFileType = wrapper.framework; name = Foundation.framework; path = System/Library/Frameworks/Foundation.framework; sourceTree = SDKROOT; };
		F04D3CB31744D5CD0063E001 /* CoreGraphics.framework */ = {isa = PBXFileReference; lastKnownFileType = wrapper.framework; name = CoreGraphics.framework; path = System/Library/Frameworks/CoreGraphics.framework; sourceTree = SDKROOT; };
		F04D3CB71744D5CD0063E001 /* iphone_ipad-Info.plist */ = {isa = PBXFileReference; lastKnownFileType = text.plist.xml; path = "iphone_ipad-Info.plist"; sourceTree = "<group>"; };
		F04D3CB91744D5CD0063E001 /* en */ = {isa = PBXFileReference; lastKnownFileType = text.plist.strings; name = en; path = en.lproj/InfoPlist.strings; sourceTree = "<group>"; };
		F04D3CBB1744D5CD0063E001 /* main.m */ = {isa = PBXFileReference; lastKnownFileType = sourcecode.c.objc; path = main.m; sourceTree = "<group>"; };
		F04D3CBD1744D5CD0063E001 /* iphone_ipad-Prefix.pch */ = {isa = PBXFileReference; lastKnownFileType = sourcecode.c.h; path = "iphone_ipad-Prefix.pch"; sourceTree = "<group>"; };
		F04D3CBE1744D5CD0063E001 /* AppDelegate.h */ = {isa = PBXFileReference; lastKnownFileType = sourcecode.c.h; path = AppDelegate.h; sourceTree = "<group>"; };
		F04D3CBF1744D5CD0063E001 /* AppDelegate.m */ = {isa = PBXFileReference; lastKnownFileType = sourcecode.c.objc; path = AppDelegate.m; sourceTree = "<group>"; };
		F04D3CC11744D5CD0063E001 /* Default.png */ = {isa = PBXFileReference; lastKnownFileType = image.png; path = Default.png; sourceTree = "<group>"; };
		F04D3CC31744D5CD0063E001 /* Default@2x.png */ = {isa = PBXFileReference; lastKnownFileType = image.png; path = "Default@2x.png"; sourceTree = "<group>"; };
		F04D3CC51744D5CD0063E001 /* Default-568h@2x.png */ = {isa = PBXFileReference; lastKnownFileType = image.png; path = "Default-568h@2x.png"; sourceTree = "<group>"; };
		F04D3CC81744D5CD0063E001 /* en */ = {isa = PBXFileReference; lastKnownFileType = file.storyboard; name = en; path = en.lproj/MainStoryboard.storyboard; sourceTree = "<group>"; };
		F04D3CCA1744D5CD0063E001 /* ViewController.h */ = {isa = PBXFileReference; lastKnownFileType = sourcecode.c.h; path = ViewController.h; sourceTree = "<group>"; };
		F04D3CCB1744D5CD0063E001 /* ViewController.m */ = {isa = PBXFileReference; lastKnownFileType = sourcecode.c.objc; path = ViewController.m; sourceTree = "<group>"; };
/* End PBXFileReference section */

/* Begin PBXFrameworksBuildPhase section */
		F04D3CA91744D5CD0063E001 /* Frameworks */ = {
			isa = PBXFrameworksBuildPhase;
			buildActionMask = 2147483647;
			files = (
				F03A3E66174DFABF009BEDEF /* EventKit.framework in Frameworks */,
				F04D3CB01744D5CD0063E001 /* UIKit.framework in Frameworks */,
				F04D3CB21744D5CD0063E001 /* Foundation.framework in Frameworks */,
				F04D3CB41744D5CD0063E001 /* CoreGraphics.framework in Frameworks */,
			);
			runOnlyForDeploymentPostprocessing = 0;
		};
/* End PBXFrameworksBuildPhase section */

/* Begin PBXGroup section */
		F04D3CA31744D5CD0063E001 = {
			isa = PBXGroup;
			children = (
				F04D3CB51744D5CD0063E001 /* iphone_ipad */,
				F04D3CAE1744D5CD0063E001 /* Frameworks */,
				F04D3CAD1744D5CD0063E001 /* Products */,
			);
			sourceTree = "<group>";
		};
		F04D3CAD1744D5CD0063E001 /* Products */ = {
			isa = PBXGroup;
			children = (
				F04D3CAC1744D5CD0063E001 /* iphone_ipad.app */,
			);
			name = Products;
			sourceTree = "<group>";
		};
		F04D3CAE1744D5CD0063E001 /* Frameworks */ = {
			isa = PBXGroup;
			children = (
				F03A3E65174DFABF009BEDEF /* EventKit.framework */,
				F04D3CAF1744D5CD0063E001 /* UIKit.framework */,
				F04D3CB11744D5CD0063E001 /* Foundation.framework */,
				F04D3CB31744D5CD0063E001 /* CoreGraphics.framework */,
			);
			name = Frameworks;
			sourceTree = "<group>";
		};
		F04D3CB51744D5CD0063E001 /* iphone_ipad */ = {
			isa = PBXGroup;
			children = (
				F04D3CBE1744D5CD0063E001 /* AppDelegate.h */,
				F04D3CBF1744D5CD0063E001 /* AppDelegate.m */,
				F04D3CC71744D5CD0063E001 /* MainStoryboard.storyboard */,
				F04D3CCA1744D5CD0063E001 /* ViewController.h */,
				F04D3CCB1744D5CD0063E001 /* ViewController.m */,
				F04D3CB61744D5CD0063E001 /* Supporting Files */,
				F0361B8B1747C5C000583997 /* TabsViewController.h */,
				F0361B8C1747C5C000583997 /* TabsViewController.m */,
			);
			path = iphone_ipad;
			sourceTree = "<group>";
		};
		F04D3CB61744D5CD0063E001 /* Supporting Files */ = {
			isa = PBXGroup;
			children = (
				F04D3CB71744D5CD0063E001 /* iphone_ipad-Info.plist */,
				F04D3CB81744D5CD0063E001 /* InfoPlist.strings */,
				F04D3CBB1744D5CD0063E001 /* main.m */,
				F04D3CBD1744D5CD0063E001 /* iphone_ipad-Prefix.pch */,
				F04D3CC11744D5CD0063E001 /* Default.png */,
				F04D3CC31744D5CD0063E001 /* Default@2x.png */,
				F04D3CC51744D5CD0063E001 /* Default-568h@2x.png */,
			);
			name = "Supporting Files";
			sourceTree = "<group>";
		};
/* End PBXGroup section */

/* Begin PBXNativeTarget section */
		F04D3CAB1744D5CD0063E001 /* iphone_ipad */ = {
			isa = PBXNativeTarget;
			buildConfigurationList = F04D3CCF1744D5CD0063E001 /* Build configuration list for PBXNativeTarget "iphone_ipad" */;
			buildPhases = (
				F04D3CA81744D5CD0063E001 /* Sources */,
				F04D3CA91744D5CD0063E001 /* Frameworks */,
				F04D3CAA1744D5CD0063E001 /* Resources */,
			);
			buildRules = (
			);
			dependencies = (
			);
			name = iphone_ipad;
			productName = iphone_ipad;
			productReference = F04D3CAC1744D5CD0063E001 /* iphone_ipad.app */;
			productType = "com.apple.product-type.application";
		};
/* End PBXNativeTarget section */

/* Begin PBXProject section */
		F04D3CA41744D5CD0063E001 /* Project object */ = {
			isa = PBXProject;
			attributes = {
				LastUpgradeCheck = 0460;
				ORGANIZATIONNAME = Limehat;
			};
			buildConfigurationList = F04D3CA71744D5CD0063E001 /* Build configuration list for PBXProject "iphone_ipad" */;
			compatibilityVersion = "Xcode 3.2";
			developmentRegion = English;
			hasScannedForEncodings = 0;
			knownRegions = (
				en,
			);
			mainGroup = F04D3CA31744D5CD0063E001;
			productRefGroup = F04D3CAD1744D5CD0063E001 /* Products */;
			projectDirPath = "";
			projectRoot = "";
			targets = (
				F04D3CAB1744D5CD0063E001 /* iphone_ipad */,
			);
		};
/* End PBXProject section */

/* Begin PBXResourcesBuildPhase section */
		F04D3CAA1744D5CD0063E001 /* Resources */ = {
			isa = PBXResourcesBuildPhase;
			buildActionMask = 2147483647;
			files = (
				F04D3CBA1744D5CD0063E001 /* InfoPlist.strings in Resources */,
				F04D3CC21744D5CD0063E001 /* Default.png in Resources */,
				F04D3CC41744D5CD0063E001 /* Default@2x.png in Resources */,
				F04D3CC61744D5CD0063E001 /* Default-568h@2x.png in Resources */,
				F04D3CC91744D5CD0063E001 /* MainStoryboard.storyboard in Resources */,
			);
			runOnlyForDeploymentPostprocessing = 0;
		};
/* End PBXResourcesBuildPhase section */

/* Begin PBXSourcesBuildPhase section */
		F04D3CA81744D5CD0063E001 /* Sources */ = {
			isa = PBXSourcesBuildPhase;
			buildActionMask = 2147483647;
			files = (
				F04D3CBC1744D5CD0063E001 /* main.m in Sources */,
				F04D3CC01744D5CD0063E001 /* AppDelegate.m in Sources */,
				F04D3CCC1744D5CD0063E001 /* ViewController.m in Sources */,
				F0361B8D1747C5C000583997 /* TabsViewController.m in Sources */,
			);
			runOnlyForDeploymentPostprocessing = 0;
		};
/* End PBXSourcesBuildPhase section */

/* Begin PBXVariantGroup section */
		F04D3CB81744D5CD0063E001 /* InfoPlist.strings */ = {
			isa = PBXVariantGroup;
			children = (
				F04D3CB91744D5CD0063E001 /* en */,
			);
			name = InfoPlist.strings;
			sourceTree = "<group>";
		};
		F04D3CC71744D5CD0063E001 /* MainStoryboard.storyboard */ = {
			isa = PBXVariantGroup;
			children = (
				F04D3CC81744D5CD0063E001 /* en */,
			);
			name = MainStoryboard.storyboard;
			sourceTree = "<group>";
		};
/* End PBXVariantGroup section */

/* Begin XCBuildConfiguration section */
		F04D3CCD1744D5CD0063E001 /* Debug */ = {
			isa = XCBuildConfiguration;
			buildSettings = {
				ALWAYS_SEARCH_USER_PATHS = NO;
				CLANG_CXX_LANGUAGE_STANDARD = "gnu++0x";
				CLANG_CXX_LIBRARY = "libc++";
				CLANG_ENABLE_OBJC_ARC = YES;
				CLANG_WARN_CONSTANT_CONVERSION = YES;
				CLANG_WARN_EMPTY_BODY = YES;
				CLANG_WARN_ENUM_CONVERSION = YES;
				CLANG_WARN_INT_CONVERSION = YES;
				CLANG_WARN__DUPLICATE_METHOD_MATCH = YES;
				"CODE_SIGN_IDENTITY[sdk=iphoneos*]" = "iPhone Developer";
				COPY_PHASE_STRIP = NO;
				GCC_C_LANGUAGE_STANDARD = gnu99;
				GCC_DYNAMIC_NO_PIC = NO;
				GCC_OPTIMIZATION_LEVEL = 0;
				GCC_PREPROCESSOR_DEFINITIONS = (
					"DEBUG=1",
					"$(inherited)",
				);
				GCC_SYMBOLS_PRIVATE_EXTERN = NO;
				GCC_WARN_ABOUT_RETURN_TYPE = YES;
				GCC_WARN_UNINITIALIZED_AUTOS = YES;
				GCC_WARN_UNUSED_VARIABLE = YES;
				IPHONEOS_DEPLOYMENT_TARGET = 6.1;
				ONLY_ACTIVE_ARCH = YES;
				SDKROOT = iphoneos;
			};
			name = Debug;
		};
		F04D3CCE1744D5CD0063E001 /* Release */ = {
			isa = XCBuildConfiguration;
			buildSettings = {
				ALWAYS_SEARCH_USER_PATHS = NO;
				CLANG_CXX_LANGUAGE_STANDARD = "gnu++0x";
				CLANG_CXX_LIBRARY = "libc++";
				CLANG_ENABLE_OBJC_ARC = YES;
				CLANG_WARN_CONSTANT_CONVERSION = YES;
				CLANG_WARN_EMPTY_BODY = YES;
				CLANG_WARN_ENUM_CONVERSION = YES;
				CLANG_WARN_INT_CONVERSION = YES;
				CLANG_WARN__DUPLICATE_METHOD_MATCH = YES;
				"CODE_SIGN_IDENTITY[sdk=iphoneos*]" = "iPhone Developer";
				COPY_PHASE_STRIP = YES;
				GCC_C_LANGUAGE_STANDARD = gnu99;
				GCC_WARN_ABOUT_RETURN_TYPE = YES;
				GCC_WARN_UNINITIALIZED_AUTOS = YES;
				GCC_WARN_UNUSED_VARIABLE = YES;
				IPHONEOS_DEPLOYMENT_TARGET = 6.1;
				OTHER_CFLAGS = "-DNS_BLOCK_ASSERTIONS=1";
				SDKROOT = iphoneos;
				VALIDATE_PRODUCT = YES;
			};
			name = Release;
		};
		F04D3CD01744D5CD0063E001 /* Debug */ = {
			isa = XCBuildConfiguration;
			buildSettings = {
				GCC_PRECOMPILE_PREFIX_HEADER = YES;
				GCC_PREFIX_HEADER = "iphone_ipad/iphone_ipad-Prefix.pch";
				INFOPLIST_FILE = "iphone_ipad/iphone_ipad-Info.plist";
				IPHONEOS_DEPLOYMENT_TARGET = 5.1;
				PRODUCT_NAME = "$(TARGET_NAME)";
				TARGETED_DEVICE_FAMILY = "1,2";
				WRAPPER_EXTENSION = app;
			};
			name = Debug;
		};
		F04D3CD11744D5CD0063E001 /* Release */ = {
			isa = XCBuildConfiguration;
			buildSettings = {
				GCC_PRECOMPILE_PREFIX_HEADER = YES;
				GCC_PREFIX_HEADER = "iphone_ipad/iphone_ipad-Prefix.pch";
				INFOPLIST_FILE = "iphone_ipad/iphone_ipad-Info.plist";
				IPHONEOS_DEPLOYMENT_TARGET = 5.1;
				PRODUCT_NAME = "$(TARGET_NAME)";
				TARGETED_DEVICE_FAMILY = "1,2";
				WRAPPER_EXTENSION = app;
			};
			name = Release;
		};
/* End XCBuildConfiguration section */

/* Begin XCConfigurationList section */
		F04D3CA71744D5CD0063E001 /* Build configuration list for PBXProject "iphone_ipad" */ = {
			isa = XCConfigurationList;
			buildConfigurations = (
				F04D3CCD1744D5CD0063E001 /* Debug */,
				F04D3CCE1744D5CD0063E001 /* Release */,
			);
			defaultConfigurationIsVisible = 0;
			defaultConfigurationName = Release;
		};
		F04D3CCF1744D5CD0063E001 /* Build configuration list for PBXNativeTarget "iphone_ipad" */ = {
			isa = XCConfigurationList;
			buildConfigurations = (
				F04D3CD01744D5CD0063E001 /* Debug */,
				F04D3CD11744D5CD0063E001 /* Release */,
			);
			defaultConfigurationIsVisible = 0;
			defaultConfigurationName = Release;
		};
/* End XCConfigurationList section */
	};
	rootObject = F04D3CA41744D5CD0063E001 /* Project object */;
}
